
Microsoft Visual Studio Solution File, Format Version 12.00
# Visual Studio 14
VisualStudioVersion = 14.0.25123.0
MinimumVisualStudioVersion = 10.0.40219.1
Project("{FAE04EC0-301F-11D3-BF4B-00C04F79EFBC}") = "ViennaParking.Setup", "ViennaParking.Setup\ViennaParking.Setup.csproj", "{2F8D509D-E9BB-443D-A26A-ABC31EABDA55}"
EndProject
Project("{FAE04EC0-301F-11D3-BF4B-00C04F79EFBC}") = "ViennaParking.Bot", "ViennaParking.Bot\ViennaParking.Bot.csproj", "{A8BA1066-5695-4D71-ABB4-65E5A5E0C3D4}"
EndProject
Project("{FAE04EC0-301F-11D3-BF4B-00C04F79EFBC}") = "ViennaParking.Data", "ViennaParking.Data\ViennaParking.Data.csproj", "{5D2A1B04-8561-40C3-AFA6-C5D6D20D3D6C}"
EndProject
Global
	GlobalSection(SolutionConfigurationPlatforms) = preSolution
		Debug|Any CPU = Debug|Any CPU
		Release|Any CPU = Release|Any CPU
	EndGlobalSection
	GlobalSection(ProjectConfigurationPlatforms) = postSolution
		{2F8D509D-E9BB-443D-A26A-ABC31EABDA55}.Debug|Any CPU.ActiveCfg = Debug|Any CPU
		{2F8D509D-E9BB-443D-A26A-ABC31EABDA55}.Debug|Any CPU.Build.0 = Debug|Any CPU
		{2F8D509D-E9BB-443D-A26A-ABC31EABDA55}.Release|Any CPU.ActiveCfg = Release|Any CPU
		{2F8D509D-E9BB-443D-A26A-ABC31EABDA55}.Release|Any CPU.Build.0 = Release|Any CPU
		{A8BA1066-5695-4D71-ABB4-65E5A5E0C3D4}.Debug|Any CPU.ActiveCfg = Debug|Any CPU
		{A8BA1066-5695-4D71-ABB4-65E5A5E0C3D4}.Debug|Any CPU.Build.0 = Debug|Any CPU
		{A8BA1066-5695-4D71-ABB4-65E5A5E0C3D4}.Release|Any CPU.ActiveCfg = Release|Any CPU
		{A8BA1066-5695-4D71-ABB4-65E5A5E0C3D4}.Release|Any CPU.Build.0 = Release|Any CPU
		{5D2A1B04-8561-40C3-AFA6-C5D6D20D3D6C}.Debug|Any CPU.ActiveCfg = Debug|Any CPU
		{5D2A1B04-8561-40C3-AFA6-C5D6D20D3D6C}.Debug|Any CPU.Build.0 = Debug|Any CPU
		{5D2A1B04-8561-40C3-AFA6-C5D6D20D3D6C}.Release|Any CPU.ActiveCfg = Release|Any CPU
		{5D2A1B04-8561-40C3-AFA6-C5D6D20D3D6C}.Release|Any CPU.Build.0 = Release|Any CPU
	EndGlobalSection
	GlobalSection(SolutionProperties) = preSolution
		HideSolutionNode = FALSE
	EndGlobalSection
EndGlobal
